
Microsoft Visual Studio Solution File, Format Version 12.00
# Visual Studio Version 17
VisualStudioVersion = 17.6.33712.159
MinimumVisualStudioVersion = 10.0.40219.1
Project("{8BC9CEB8-8B4A-11D0-8D11-00A0C91BC942}") = "C++核心编程", "C++核心编程.vcxproj", "{EE7AE20A-08A4-4556-A21A-56BFC883D8D6}"
EndProject
Global
	GlobalSection(SolutionConfigurationPlatforms) = preSolution
		Debug|x64 = Debug|x64
		Debug|x86 = Debug|x86
		Release|x64 = Release|x64
		Release|x86 = Release|x86
	EndGlobalSection
	GlobalSection(ProjectConfigurationPlatforms) = postSolution
		{EE7AE20A-08A4-4556-A21A-56BFC883D8D6}.Debug|x64.ActiveCfg = Debug|x64
		{EE7AE20A-08A4-4556-A21A-56BFC883D8D6}.Debug|x64.Build.0 = Debug|x64
		{EE7AE20A-08A4-4556-A21A-56BFC883D8D6}.Debug|x86.ActiveCfg = Debug|Win32
		{EE7AE20A-08A4-4556-A21A-56BFC883D8D6}.Debug|x86.Build.0 = Debug|Win32
		{EE7AE20A-08A4-4556-A21A-56BFC883D8D6}.Release|x64.ActiveCfg = Release|x64
		{EE7AE20A-08A4-4556-A21A-56BFC883D8D6}.Release|x64.Build.0 = Release|x64
		{EE7AE20A-08A4-4556-A21A-56BFC883D8D6}.Release|x86.ActiveCfg = Release|Win32
		{EE7AE20A-08A4-4556-A21A-56BFC883D8D6}.Release|x86.Build.0 = Release|Win32
	EndGlobalSection
	GlobalSection(SolutionProperties) = preSolution
		HideSolutionNode = FALSE
	EndGlobalSection
	GlobalSection(ExtensibilityGlobals) = postSolution
		SolutionGuid = {16D6A29E-77DA-439B-85B1-FAB0A3C87F8B}
	EndGlobalSection
EndGlobal
